// !$*UTF8*$!
{
	archiveVersion = 1;
	classes = {
	};
	objectVersion = 46;
	objects = {

/* Begin PBXBuildFile section */
		2F028252B10663F8A412C162 /* Pods_HomeSafv.framework in Frameworks */ = {isa = PBXBuildFile; fileRef = 5D6C1D94C243B330B9D390E0 /* Pods_HomeSafv.framework */; };
		887973891EAF64240005D444 /* AppDelegate.swift in Sources */ = {isa = PBXBuildFile; fileRef = 887973881EAF64240005D444 /* AppDelegate.swift */; };
		8879738B1EAF64240005D444 /* LoginVC.swift in Sources */ = {isa = PBXBuildFile; fileRef = 8879738A1EAF64240005D444 /* LoginVC.swift */; };
		8879738E1EAF64240005D444 /* Main.storyboard in Resources */ = {isa = PBXBuildFile; fileRef = 8879738C1EAF64240005D444 /* Main.storyboard */; };
		887973901EAF64240005D444 /* Assets.xcassets in Resources */ = {isa = PBXBuildFile; fileRef = 8879738F1EAF64240005D444 /* Assets.xcassets */; };
		887973931EAF64240005D444 /* LaunchScreen.storyboard in Resources */ = {isa = PBXBuildFile; fileRef = 887973911EAF64240005D444 /* LaunchScreen.storyboard */; };
		887973A31EAF88050005D444 /* Generic.swift in Sources */ = {isa = PBXBuildFile; fileRef = 887973A21EAF88050005D444 /* Generic.swift */; };
		887973A51EAF90910005D444 /* User.swift in Sources */ = {isa = PBXBuildFile; fileRef = 887973A41EAF90910005D444 /* User.swift */; };
		887973A71EAF90D80005D444 /* Message.swift in Sources */ = {isa = PBXBuildFile; fileRef = 887973A61EAF90D80005D444 /* Message.swift */; };
		887973A91EAF910C0005D444 /* Conversation.swift in Sources */ = {isa = PBXBuildFile; fileRef = 887973A81EAF910C0005D444 /* Conversation.swift */; };
		887973AB1EAF914B0005D444 /* newMessage.wav in Resources */ = {isa = PBXBuildFile; fileRef = 887973AA1EAF914B0005D444 /* newMessage.wav */; };
		887973AD1EAF93B40005D444 /* MainVC.swift in Sources */ = {isa = PBXBuildFile; fileRef = 887973AC1EAF93B40005D444 /* MainVC.swift */; };
		887973AF1EAF97F10005D444 /* CellObjects.swift in Sources */ = {isa = PBXBuildFile; fileRef = 887973AE1EAF97F10005D444 /* CellObjects.swift */; };
		887973B11EAF9CF20005D444 /* GoogleService-Info.plist in Resources */ = {isa = PBXBuildFile; fileRef = 887973B01EAF9CF20005D444 /* GoogleService-Info.plist */; };
		887973B31EB3B0030005D444 /* ConversationVC.swift in Sources */ = {isa = PBXBuildFile; fileRef = 887973B21EB3B0030005D444 /* ConversationVC.swift */; };
		887973B51EB3B4C20005D444 /* ChatVC.swift in Sources */ = {isa = PBXBuildFile; fileRef = 887973B41EB3B4C20005D444 /* ChatVC.swift */; };
		BF0B2C721EB43B1400C397A2 /* ScannerViewController.swift in Sources */ = {isa = PBXBuildFile; fileRef = BF0B2C701EB43B1400C397A2 /* ScannerViewController.swift */; };
/* End PBXBuildFile section */

/* Begin PBXFileReference section */
		569B47CB0712604851F8C3F2 /* Pods-HomeSafv.debug.xcconfig */ = {isa = PBXFileReference; includeInIndex = 1; lastKnownFileType = text.xcconfig; name = "Pods-HomeSafv.debug.xcconfig"; path = "Pods/Target Support Files/Pods-HomeSafv/Pods-HomeSafv.debug.xcconfig"; sourceTree = "<group>"; };
		5D6C1D94C243B330B9D390E0 /* Pods_HomeSafv.framework */ = {isa = PBXFileReference; explicitFileType = wrapper.framework; includeInIndex = 0; path = Pods_HomeSafv.framework; sourceTree = BUILT_PRODUCTS_DIR; };
		887973851EAF64230005D444 /* HomeSafv.app */ = {isa = PBXFileReference; explicitFileType = wrapper.application; includeInIndex = 0; path = HomeSafv.app; sourceTree = BUILT_PRODUCTS_DIR; };
		887973881EAF64240005D444 /* AppDelegate.swift */ = {isa = PBXFileReference; lastKnownFileType = sourcecode.swift; path = AppDelegate.swift; sourceTree = "<group>"; };
		8879738A1EAF64240005D444 /* LoginVC.swift */ = {isa = PBXFileReference; lastKnownFileType = sourcecode.swift; path = LoginVC.swift; sourceTree = "<group>"; };
		8879738D1EAF64240005D444 /* Base */ = {isa = PBXFileReference; lastKnownFileType = file.storyboard; name = Base; path = Base.lproj/Main.storyboard; sourceTree = "<group>"; };
		8879738F1EAF64240005D444 /* Assets.xcassets */ = {isa = PBXFileReference; lastKnownFileType = folder.assetcatalog; path = Assets.xcassets; sourceTree = "<group>"; };
		887973921EAF64240005D444 /* Base */ = {isa = PBXFileReference; lastKnownFileType = file.storyboard; name = Base; path = Base.lproj/LaunchScreen.storyboard; sourceTree = "<group>"; };
		887973941EAF64240005D444 /* Info.plist */ = {isa = PBXFileReference; lastKnownFileType = text.plist.xml; path = Info.plist; sourceTree = "<group>"; };
		887973A21EAF88050005D444 /* Generic.swift */ = {isa = PBXFileReference; fileEncoding = 4; lastKnownFileType = sourcecode.swift; path = Generic.swift; sourceTree = "<group>"; };
		887973A41EAF90910005D444 /* User.swift */ = {isa = PBXFileReference; fileEncoding = 4; lastKnownFileType = sourcecode.swift; path = User.swift; sourceTree = "<group>"; };
		887973A61EAF90D80005D444 /* Message.swift */ = {isa = PBXFileReference; fileEncoding = 4; lastKnownFileType = sourcecode.swift; path = Message.swift; sourceTree = "<group>"; };
		887973A81EAF910C0005D444 /* Conversation.swift */ = {isa = PBXFileReference; fileEncoding = 4; lastKnownFileType = sourcecode.swift; path = Conversation.swift; sourceTree = "<group>"; };
		887973AA1EAF914B0005D444 /* newMessage.wav */ = {isa = PBXFileReference; lastKnownFileType = audio.wav; path = newMessage.wav; sourceTree = "<group>"; };
		887973AC1EAF93B40005D444 /* MainVC.swift */ = {isa = PBXFileReference; fileEncoding = 4; lastKnownFileType = sourcecode.swift; path = MainVC.swift; sourceTree = "<group>"; };
		887973AE1EAF97F10005D444 /* CellObjects.swift */ = {isa = PBXFileReference; fileEncoding = 4; lastKnownFileType = sourcecode.swift; path = CellObjects.swift; sourceTree = "<group>"; };
		887973B01EAF9CF20005D444 /* GoogleService-Info.plist */ = {isa = PBXFileReference; fileEncoding = 4; lastKnownFileType = text.plist.xml; path = "GoogleService-Info.plist"; sourceTree = "<group>"; };
		887973B21EB3B0030005D444 /* ConversationVC.swift */ = {isa = PBXFileReference; fileEncoding = 4; lastKnownFileType = sourcecode.swift; path = ConversationVC.swift; sourceTree = "<group>"; };
		887973B41EB3B4C20005D444 /* ChatVC.swift */ = {isa = PBXFileReference; fileEncoding = 4; lastKnownFileType = sourcecode.swift; path = ChatVC.swift; sourceTree = "<group>"; };
		BF0B2C701EB43B1400C397A2 /* ScannerViewController.swift */ = {isa = PBXFileReference; fileEncoding = 4; lastKnownFileType = sourcecode.swift; path = ScannerViewController.swift; sourceTree = "<group>"; };
		F1236959D934798344A0D0F7 /* Pods-HomeSafv.release.xcconfig */ = {isa = PBXFileReference; includeInIndex = 1; lastKnownFileType = text.xcconfig; name = "Pods-HomeSafv.release.xcconfig"; path = "Pods/Target Support Files/Pods-HomeSafv/Pods-HomeSafv.release.xcconfig"; sourceTree = "<group>"; };
/* End PBXFileReference section */

/* Begin PBXFrameworksBuildPhase section */
		887973821EAF64230005D444 /* Frameworks */ = {
			isa = PBXFrameworksBuildPhase;
			buildActionMask = 2147483647;
			files = (
				2F028252B10663F8A412C162 /* Pods_HomeSafv.framework in Frameworks */,
			);
			runOnlyForDeploymentPostprocessing = 0;
		};
/* End PBXFrameworksBuildPhase section */

/* Begin PBXGroup section */
		364E56D78E07C50CD475D161 /* Pods */ = {
			isa = PBXGroup;
			children = (
				569B47CB0712604851F8C3F2 /* Pods-HomeSafv.debug.xcconfig */,
				F1236959D934798344A0D0F7 /* Pods-HomeSafv.release.xcconfig */,
			);
			name = Pods;
			sourceTree = "<group>";
		};
		8879737C1EAF64230005D444 = {
			isa = PBXGroup;
			children = (
				887973871EAF64230005D444 /* HomeSafv */,
				887973861EAF64230005D444 /* Products */,
				364E56D78E07C50CD475D161 /* Pods */,
				E2966A316961ABE708EF535E /* Frameworks */,
			);
			sourceTree = "<group>";
		};
		887973861EAF64230005D444 /* Products */ = {
			isa = PBXGroup;
			children = (
				887973851EAF64230005D444 /* HomeSafv.app */,
			);
			name = Products;
			sourceTree = "<group>";
		};
		887973871EAF64230005D444 /* HomeSafv */ = {
			isa = PBXGroup;
			children = (
				8879739F1EAF6A620005D444 /* View */,
				8879739E1EAF6A5D0005D444 /* Model */,
				8879739D1EAF6A550005D444 /* Controller */,
				887973881EAF64240005D444 /* AppDelegate.swift */,
				8879738C1EAF64240005D444 /* Main.storyboard */,
				8879738F1EAF64240005D444 /* Assets.xcassets */,
				887973911EAF64240005D444 /* LaunchScreen.storyboard */,
				887973941EAF64240005D444 /* Info.plist */,
				887973AA1EAF914B0005D444 /* newMessage.wav */,
				887973B01EAF9CF20005D444 /* GoogleService-Info.plist */,
			);
			path = HomeSafv;
			sourceTree = "<group>";
		};
		8879739D1EAF6A550005D444 /* Controller */ = {
			isa = PBXGroup;
			children = (
				BF0B2C701EB43B1400C397A2 /* ScannerViewController.swift */,
				8879738A1EAF64240005D444 /* LoginVC.swift */,
				887973AC1EAF93B40005D444 /* MainVC.swift */,
				887973B21EB3B0030005D444 /* ConversationVC.swift */,
				887973B41EB3B4C20005D444 /* ChatVC.swift */,
			);
			name = Controller;
			sourceTree = "<group>";
		};
		8879739E1EAF6A5D0005D444 /* Model */ = {
			isa = PBXGroup;
			children = (
				887973A41EAF90910005D444 /* User.swift */,
				887973A61EAF90D80005D444 /* Message.swift */,
				887973A81EAF910C0005D444 /* Conversation.swift */,
			);
			name = Model;
			sourceTree = "<group>";
		};
		8879739F1EAF6A620005D444 /* View */ = {
			isa = PBXGroup;
			children = (
				887973A21EAF88050005D444 /* Generic.swift */,
				887973AE1EAF97F10005D444 /* CellObjects.swift */,
			);
			name = View;
			sourceTree = "<group>";
		};
		E2966A316961ABE708EF535E /* Frameworks */ = {
			isa = PBXGroup;
			children = (
				5D6C1D94C243B330B9D390E0 /* Pods_HomeSafv.framework */,
			);
			name = Frameworks;
			sourceTree = "<group>";
		};
/* End PBXGroup section */

/* Begin PBXNativeTarget section */
		887973841EAF64230005D444 /* HomeSafv */ = {
			isa = PBXNativeTarget;
			buildConfigurationList = 887973971EAF64240005D444 /* Build configuration list for PBXNativeTarget "HomeSafv" */;
			buildPhases = (
				523FFD2B0B8C000FA1525462 /* [CP] Check Pods Manifest.lock */,
				887973811EAF64230005D444 /* Sources */,
				887973821EAF64230005D444 /* Frameworks */,
				887973831EAF64230005D444 /* Resources */,
				D2FFB6AF345A334210738E25 /* [CP] Embed Pods Frameworks */,
				3B4AABFFEB99A428E78B3E81 /* [CP] Copy Pods Resources */,
			);
			buildRules = (
			);
			dependencies = (
			);
			name = HomeSafv;
			productName = HomeSafv;
			productReference = 887973851EAF64230005D444 /* HomeSafv.app */;
			productType = "com.apple.product-type.application";
		};
/* End PBXNativeTarget section */

/* Begin PBXProject section */
		8879737D1EAF64230005D444 /* Project object */ = {
			isa = PBXProject;
			attributes = {
				LastSwiftUpdateCheck = 0830;
				LastUpgradeCheck = 0830;
				ORGANIZATIONNAME = SG4207;
				TargetAttributes = {
					887973841EAF64230005D444 = {
						CreatedOnToolsVersion = 8.3;
						DevelopmentTeam = 65555YK7TP;
						ProvisioningStyle = Automatic;
					};
				};
			};
			buildConfigurationList = 887973801EAF64230005D444 /* Build configuration list for PBXProject "HomeSafv" */;
			compatibilityVersion = "Xcode 3.2";
			developmentRegion = English;
			hasScannedForEncodings = 0;
			knownRegions = (
				en,
				Base,
			);
			mainGroup = 8879737C1EAF64230005D444;
			productRefGroup = 887973861EAF64230005D444 /* Products */;
			projectDirPath = "";
			projectRoot = "";
			targets = (
				887973841EAF64230005D444 /* HomeSafv */,
			);
		};
/* End PBXProject section */

/* Begin PBXResourcesBuildPhase section */
		887973831EAF64230005D444 /* Resources */ = {
			isa = PBXResourcesBuildPhase;
			buildActionMask = 2147483647;
			files = (
				887973931EAF64240005D444 /* LaunchScreen.storyboard in Resources */,
				887973901EAF64240005D444 /* Assets.xcassets in Resources */,
				887973B11EAF9CF20005D444 /* GoogleService-Info.plist in Resources */,
				887973AB1EAF914B0005D444 /* newMessage.wav in Resources */,
				8879738E1EAF64240005D444 /* Main.storyboard in Resources */,
			);
			runOnlyForDeploymentPostprocessing = 0;
		};
/* End PBXResourcesBuildPhase section */

/* Begin PBXShellScriptBuildPhase section */
		3B4AABFFEB99A428E78B3E81 /* [CP] Copy Pods Resources */ = {
			isa = PBXShellScriptBuildPhase;
			buildActionMask = 2147483647;
			files = (
			);
			inputPaths = (
			);
			name = "[CP] Copy Pods Resources";
			outputPaths = (
			);
			runOnlyForDeploymentPostprocessing = 0;
			shellPath = /bin/sh;
			shellScript = "\"${SRCROOT}/Pods/Target Support Files/Pods-HomeSafv/Pods-HomeSafv-resources.sh\"\n";
			showEnvVarsInLog = 0;
		};
		523FFD2B0B8C000FA1525462 /* [CP] Check Pods Manifest.lock */ = {
			isa = PBXShellScriptBuildPhase;
			buildActionMask = 2147483647;
			files = (
			);
			inputPaths = (
			);
			name = "[CP] Check Pods Manifest.lock";
			outputPaths = (
			);
			runOnlyForDeploymentPostprocessing = 0;
			shellPath = /bin/sh;
			shellScript = "diff \"${PODS_ROOT}/../Podfile.lock\" \"${PODS_ROOT}/Manifest.lock\" > /dev/null\nif [ $? != 0 ] ; then\n    # print error to STDERR\n    echo \"error: The sandbox is not in sync with the Podfile.lock. Run 'pod install' or update your CocoaPods installation.\" >&2\n    exit 1\nfi\n";
			showEnvVarsInLog = 0;
		};
		D2FFB6AF345A334210738E25 /* [CP] Embed Pods Frameworks */ = {
			isa = PBXShellScriptBuildPhase;
			buildActionMask = 2147483647;
			files = (
			);
			inputPaths = (
			);
			name = "[CP] Embed Pods Frameworks";
			outputPaths = (
			);
			runOnlyForDeploymentPostprocessing = 0;
			shellPath = /bin/sh;
			shellScript = "\"${SRCROOT}/Pods/Target Support Files/Pods-HomeSafv/Pods-HomeSafv-frameworks.sh\"\n";
			showEnvVarsInLog = 0;
		};
/* End PBXShellScriptBuildPhase section */

/* Begin PBXSourcesBuildPhase section */
		887973811EAF64230005D444 /* Sources */ = {
			isa = PBXSourcesBuildPhase;
			buildActionMask = 2147483647;
			files = (
				887973A91EAF910C0005D444 /* Conversation.swift in Sources */,
				887973A51EAF90910005D444 /* User.swift in Sources */,
				8879738B1EAF64240005D444 /* LoginVC.swift in Sources */,
				887973A71EAF90D80005D444 /* Message.swift in Sources */,
				887973B51EB3B4C20005D444 /* ChatVC.swift in Sources */,
				887973891EAF64240005D444 /* AppDelegate.swift in Sources */,
				887973A31EAF88050005D444 /* Generic.swift in Sources */,
				BF0B2C721EB43B1400C397A2 /* ScannerViewController.swift in Sources */,
				887973B31EB3B0030005D444 /* ConversationVC.swift in Sources */,
				887973AF1EAF97F10005D444 /* CellObjects.swift in Sources */,
				887973AD1EAF93B40005D444 /* MainVC.swift in Sources */,
			);
			runOnlyForDeploymentPostprocessing = 0;
		};
/* End PBXSourcesBuildPhase section */

/* Begin PBXVariantGroup section */
		8879738C1EAF64240005D444 /* Main.storyboard */ = {
			isa = PBXVariantGroup;
			children = (
				8879738D1EAF64240005D444 /* Base */,
			);
			name = Main.storyboard;
			sourceTree = "<group>";
		};
		887973911EAF64240005D444 /* LaunchScreen.storyboard */ = {
			isa = PBXVariantGroup;
			children = (
				887973921EAF64240005D444 /* Base */,
			);
			name = LaunchScreen.storyboard;
			sourceTree = "<group>";
		};
/* End PBXVariantGroup section */

/* Begin XCBuildConfiguration section */
		887973951EAF64240005D444 /* Debug */ = {
			isa = XCBuildConfiguration;
			buildSettings = {
				ALWAYS_SEARCH_USER_PATHS = NO;
				CLANG_ANALYZER_NONNULL = YES;
				CLANG_ANALYZER_NUMBER_OBJECT_CONVERSION = YES_AGGRESSIVE;
				CLANG_CXX_LANGUAGE_STANDARD = "gnu++0x";
				CLANG_CXX_LIBRARY = "libc++";
				CLANG_ENABLE_MODULES = YES;
				CLANG_ENABLE_OBJC_ARC = YES;
				CLANG_WARN_BOOL_CONVERSION = YES;
				CLANG_WARN_CONSTANT_CONVERSION = YES;
				CLANG_WARN_DIRECT_OBJC_ISA_USAGE = YES_ERROR;
				CLANG_WARN_DOCUMENTATION_COMMENTS = YES;
				CLANG_WARN_EMPTY_BODY = YES;
				CLANG_WARN_ENUM_CONVERSION = YES;
				CLANG_WARN_INFINITE_RECURSION = YES;
				CLANG_WARN_INT_CONVERSION = YES;
				CLANG_WARN_OBJC_ROOT_CLASS = YES_ERROR;
				CLANG_WARN_SUSPICIOUS_MOVE = YES;
				CLANG_WARN_UNREACHABLE_CODE = YES;
				CLANG_WARN__DUPLICATE_METHOD_MATCH = YES;
				"CODE_SIGN_IDENTITY[sdk=iphoneos*]" = "iPhone Developer";
				COPY_PHASE_STRIP = NO;
				DEBUG_INFORMATION_FORMAT = dwarf;
				ENABLE_STRICT_OBJC_MSGSEND = YES;
				ENABLE_TESTABILITY = YES;
				GCC_C_LANGUAGE_STANDARD = gnu99;
				GCC_DYNAMIC_NO_PIC = NO;
				GCC_NO_COMMON_BLOCKS = YES;
				GCC_OPTIMIZATION_LEVEL = 0;
				GCC_PREPROCESSOR_DEFINITIONS = (
					"DEBUG=1",
					"$(inherited)",
				);
				GCC_WARN_64_TO_32_BIT_CONVERSION = YES;
				GCC_WARN_ABOUT_RETURN_TYPE = YES_ERROR;
				GCC_WARN_UNDECLARED_SELECTOR = YES;
				GCC_WARN_UNINITIALIZED_AUTOS = YES_AGGRESSIVE;
				GCC_WARN_UNUSED_FUNCTION = YES;
				GCC_WARN_UNUSED_VARIABLE = YES;
				IPHONEOS_DEPLOYMENT_TARGET = 10.3;
				MTL_ENABLE_DEBUG_INFO = YES;
				ONLY_ACTIVE_ARCH = YES;
				SDKROOT = iphoneos;
				SWIFT_ACTIVE_COMPILATION_CONDITIONS = DEBUG;
				SWIFT_OPTIMIZATION_LEVEL = "-Onone";
				TARGETED_DEVICE_FAMILY = "1,2";
			};
			name = Debug;
		};
		887973961EAF64240005D444 /* Release */ = {
			isa = XCBuildConfiguration;
			buildSettings = {
				ALWAYS_SEARCH_USER_PATHS = NO;
				CLANG_ANALYZER_NONNULL = YES;
				CLANG_ANALYZER_NUMBER_OBJECT_CONVERSION = YES_AGGRESSIVE;
				CLANG_CXX_LANGUAGE_STANDARD = "gnu++0x";
				CLANG_CXX_LIBRARY = "libc++";
				CLANG_ENABLE_MODULES = YES;
				CLANG_ENABLE_OBJC_ARC = YES;
				CLANG_WARN_BOOL_CONVERSION = YES;
				CLANG_WARN_CONSTANT_CONVERSION = YES;
				CLANG_WARN_DIRECT_OBJC_ISA_USAGE = YES_ERROR;
				CLANG_WARN_DOCUMENTATION_COMMENTS = YES;
				CLANG_WARN_EMPTY_BODY = YES;
				CLANG_WARN_ENUM_CONVERSION = YES;
				CLANG_WARN_INFINITE_RECURSION = YES;
				CLANG_WARN_INT_CONVERSION = YES;
				CLANG_WARN_OBJC_ROOT_CLASS = YES_ERROR;
				CLANG_WARN_SUSPICIOUS_MOVE = YES;
				CLANG_WARN_UNREACHABLE_CODE = YES;
				CLANG_WARN__DUPLICATE_METHOD_MATCH = YES;
				"CODE_SIGN_IDENTITY[sdk=iphoneos*]" = "iPhone Developer";
				COPY_PHASE_STRIP = NO;
				DEBUG_INFORMATION_FORMAT = "dwarf-with-dsym";
				ENABLE_NS_ASSERTIONS = NO;
				ENABLE_STRICT_OBJC_MSGSEND = YES;
				GCC_C_LANGUAGE_STANDARD = gnu99;
				GCC_NO_COMMON_BLOCKS = YES;
				GCC_WARN_64_TO_32_BIT_CONVERSION = YES;
				GCC_WARN_ABOUT_RETURN_TYPE = YES_ERROR;
				GCC_WARN_UNDECLARED_SELECTOR = YES;
				GCC_WARN_UNINITIALIZED_AUTOS = YES_AGGRESSIVE;
				GCC_WARN_UNUSED_FUNCTION = YES;
				GCC_WARN_UNUSED_VARIABLE = YES;
				IPHONEOS_DEPLOYMENT_TARGET = 10.3;
				MTL_ENABLE_DEBUG_INFO = NO;
				SDKROOT = iphoneos;
				SWIFT_OPTIMIZATION_LEVEL = "-Owholemodule";
				TARGETED_DEVICE_FAMILY = "1,2";
				VALIDATE_PRODUCT = YES;
			};
			name = Release;
		};
		887973981EAF64240005D444 /* Debug */ = {
			isa = XCBuildConfiguration;
			baseConfigurationReference = 569B47CB0712604851F8C3F2 /* Pods-HomeSafv.debug.xcconfig */;
			buildSettings = {
				ASSETCATALOG_COMPILER_APPICON_NAME = AppIcon;
				DEVELOPMENT_TEAM = 65555YK7TP;
				INFOPLIST_FILE = HomeSafv/Info.plist;
				LD_RUNPATH_SEARCH_PATHS = "$(inherited) @executable_path/Frameworks";
				PRODUCT_BUNDLE_IDENTIFIER = com.nus.ios.HomeSafv;
				PRODUCT_NAME = "$(TARGET_NAME)";
				SWIFT_VERSION = 3.0;
			};
			name = Debug;
		};
		887973991EAF64240005D444 /* Release */ = {
			isa = XCBuildConfiguration;
			baseConfigurationReference = F1236959D934798344A0D0F7 /* Pods-HomeSafv.release.xcconfig */;
			buildSettings = {
				ASSETCATALOG_COMPILER_APPICON_NAME = AppIcon;
				DEVELOPMENT_TEAM = 65555YK7TP;
				INFOPLIST_FILE = HomeSafv/Info.plist;
				LD_RUNPATH_SEARCH_PATHS = "$(inherited) @executable_path/Frameworks";
				PRODUCT_BUNDLE_IDENTIFIER = com.nus.ios.HomeSafv;
				PRODUCT_NAME = "$(TARGET_NAME)";
				SWIFT_VERSION = 3.0;
			};
			name = Release;
		};
/* End XCBuildConfiguration section */

/* Begin XCConfigurationList section */
		887973801EAF64230005D444 /* Build configuration list for PBXProject "HomeSafv" */ = {
			isa = XCConfigurationList;
			buildConfigurations = (
				887973951EAF64240005D444 /* Debug */,
				887973961EAF64240005D444 /* Release */,
			);
			defaultConfigurationIsVisible = 0;
			defaultConfigurationName = Release;
		};
		887973971EAF64240005D444 /* Build configuration list for PBXNativeTarget "HomeSafv" */ = {
			isa = XCConfigurationList;
			buildConfigurations = (
				887973981EAF64240005D444 /* Debug */,
				887973991EAF64240005D444 /* Release */,
			);
			defaultConfigurationIsVisible = 0;
			defaultConfigurationName = Release;
		};
/* End XCConfigurationList section */
	};
	rootObject = 8879737D1EAF64230005D444 /* Project object */;
}
